
Microsoft Visual Studio Solution File, Format Version 12.00
# Visual Studio Version 16
VisualStudioVersion = 16.0.30717.126
MinimumVisualStudioVersion = 10.0.40219.1
Project("{FAE04EC0-301F-11D3-BF4B-00C04F79EFBC}") = "exerciseAsp", "exerciseAsp\exerciseAsp.csproj", "{F27533EC-EF6A-4D3C-9769-4AC643551F58}"
EndProject
Project("{00D1A9C2-B5F0-4AF3-8072-F6C62B433612}") = "exerciseAspDB", "exerciseAspDB\exerciseAspDB.sqlproj", "{F87546F0-6FED-497E-BEDB-4F7EAF9F0DE8}"
EndProject
Global
	GlobalSection(SolutionConfigurationPlatforms) = preSolution
		Debug|Any CPU = Debug|Any CPU
		Release|Any CPU = Release|Any CPU
	EndGlobalSection
	GlobalSection(ProjectConfigurationPlatforms) = postSolution
		{F27533EC-EF6A-4D3C-9769-4AC643551F58}.Debug|Any CPU.ActiveCfg = Debug|Any CPU
		{F27533EC-EF6A-4D3C-9769-4AC643551F58}.Debug|Any CPU.Build.0 = Debug|Any CPU
		{F27533EC-EF6A-4D3C-9769-4AC643551F58}.Release|Any CPU.ActiveCfg = Release|Any CPU
		{F27533EC-EF6A-4D3C-9769-4AC643551F58}.Release|Any CPU.Build.0 = Release|Any CPU
		{F87546F0-6FED-497E-BEDB-4F7EAF9F0DE8}.Debug|Any CPU.ActiveCfg = Debug|Any CPU
		{F87546F0-6FED-497E-BEDB-4F7EAF9F0DE8}.Debug|Any CPU.Build.0 = Debug|Any CPU
		{F87546F0-6FED-497E-BEDB-4F7EAF9F0DE8}.Debug|Any CPU.Deploy.0 = Debug|Any CPU
		{F87546F0-6FED-497E-BEDB-4F7EAF9F0DE8}.Release|Any CPU.ActiveCfg = Release|Any CPU
		{F87546F0-6FED-497E-BEDB-4F7EAF9F0DE8}.Release|Any CPU.Build.0 = Release|Any CPU
		{F87546F0-6FED-497E-BEDB-4F7EAF9F0DE8}.Release|Any CPU.Deploy.0 = Release|Any CPU
	EndGlobalSection
	GlobalSection(SolutionProperties) = preSolution
		HideSolutionNode = FALSE
	EndGlobalSection
	GlobalSection(ExtensibilityGlobals) = postSolution
		SolutionGuid = {B93CF6BE-68C2-429A-9514-971F7815B128}
	EndGlobalSection
EndGlobal
